
Microsoft Visual Studio Solution File, Format Version 12.00
# Visual Studio Version 17
VisualStudioVersion = 17.2.32602.215
MinimumVisualStudioVersion = 10.0.40219.1
Project("{9A19103F-16F7-4668-BE54-9A1E7A4F7556}") = "ValheimLegends", "ValheimLegends.csproj", "{7975E02E-443D-4CF5-98A0-9ADF1582B6BC}"
EndProject
Global
	GlobalSection(SolutionConfigurationPlatforms) = preSolution
		Debug|Any CPU = Debug|Any CPU
		Release|Any CPU = Release|Any CPU
	EndGlobalSection
	GlobalSection(ProjectConfigurationPlatforms) = postSolution
		{7975E02E-443D-4CF5-98A0-9ADF1582B6BC}.Debug|Any CPU.ActiveCfg = Debug|Any CPU
		{7975E02E-443D-4CF5-98A0-9ADF1582B6BC}.Debug|Any CPU.Build.0 = Debug|Any CPU
		{7975E02E-443D-4CF5-98A0-9ADF1582B6BC}.Release|Any CPU.ActiveCfg = Release|Any CPU
		{7975E02E-443D-4CF5-98A0-9ADF1582B6BC}.Release|Any CPU.Build.0 = Release|Any CPU
	EndGlobalSection
	GlobalSection(SolutionProperties) = preSolution
		HideSolutionNode = FALSE
	EndGlobalSection
	GlobalSection(ExtensibilityGlobals) = postSolution
		SolutionGuid = {94227FBA-D38A-4111-B87E-9E17EE13820F}
	EndGlobalSection
EndGlobal
